
Microsoft Visual Studio Solution File, Format Version 12.00
# Visual Studio Version 17
VisualStudioVersion = 17.0.31903.59
MinimumVisualStudioVersion = 10.0.40219.1
Project("{FAE04EC0-301F-11D3-BF4B-00C04F79EFBC}") = "WebApiTransporte", "WebApiTransporte.csproj", "{B854AC25-F5F6-4977-AFA8-B91177C6CDB7}"
EndProject
Global
	GlobalSection(SolutionConfigurationPlatforms) = preSolution
		Debug|Any CPU = Debug|Any CPU
		Release|Any CPU = Release|Any CPU
	EndGlobalSection
	GlobalSection(ProjectConfigurationPlatforms) = postSolution
		{B854AC25-F5F6-4977-AFA8-B91177C6CDB7}.Debug|Any CPU.ActiveCfg = Debug|Any CPU
		{B854AC25-F5F6-4977-AFA8-B91177C6CDB7}.Debug|Any CPU.Build.0 = Debug|Any CPU
		{B854AC25-F5F6-4977-AFA8-B91177C6CDB7}.Release|Any CPU.ActiveCfg = Release|Any CPU
		{B854AC25-F5F6-4977-AFA8-B91177C6CDB7}.Release|Any CPU.Build.0 = Release|Any CPU
	EndGlobalSection
	GlobalSection(SolutionProperties) = preSolution
		HideSolutionNode = FALSE
	EndGlobalSection
	GlobalSection(ExtensibilityGlobals) = postSolution
		SolutionGuid = {EF037F9D-87E9-428F-8BC8-A331C0FE9056}
	EndGlobalSection
EndGlobal
